
Microsoft Visual Studio Solution File, Format Version 12.00
# Visual Studio Version 17
VisualStudioVersion = 17.2.32630.192
MinimumVisualStudioVersion = 10.0.40219.1
Project("{9A19103F-16F7-4668-BE54-9A1E7A4F7556}") = "wca.compras.domain", "wca.compras.domain\wca.compras.domain.csproj", "{1A40DC7E-5BD7-4064-8BF9-A9F69E30149E}"
EndProject
Project("{9A19103F-16F7-4668-BE54-9A1E7A4F7556}") = "wca.compras.data", "wca.compras.data\wca.compras.data.csproj", "{4000925C-0CE5-423F-8810-D4C42A787C7E}"
EndProject
Project("{9A19103F-16F7-4668-BE54-9A1E7A4F7556}") = "wca.compras.crosscutting", "wca.compras.crosscutting\wca.compras.crosscutting.csproj", "{4E59564C-EB79-40BB-854B-D932F649F1EE}"
EndProject
Project("{9A19103F-16F7-4668-BE54-9A1E7A4F7556}") = "wca.compras.services", "wca.compras.services\wca.compras.services.csproj", "{9844E6B9-AB7E-494F-B47B-E0344BB9185F}"
EndProject
Project("{9A19103F-16F7-4668-BE54-9A1E7A4F7556}") = "wca.compras.webapi", "wca.compras.application\wca.compras.webapi.csproj", "{16E62087-6A6E-498C-B498-EAAEE078C0AE}"
EndProject
Global
	GlobalSection(SolutionConfigurationPlatforms) = preSolution
		Debug|Any CPU = Debug|Any CPU
		Release|Any CPU = Release|Any CPU
	EndGlobalSection
	GlobalSection(ProjectConfigurationPlatforms) = postSolution
		{1A40DC7E-5BD7-4064-8BF9-A9F69E30149E}.Debug|Any CPU.ActiveCfg = Debug|Any CPU
		{1A40DC7E-5BD7-4064-8BF9-A9F69E30149E}.Debug|Any CPU.Build.0 = Debug|Any CPU
		{1A40DC7E-5BD7-4064-8BF9-A9F69E30149E}.Release|Any CPU.ActiveCfg = Release|Any CPU
		{1A40DC7E-5BD7-4064-8BF9-A9F69E30149E}.Release|Any CPU.Build.0 = Release|Any CPU
		{4000925C-0CE5-423F-8810-D4C42A787C7E}.Debug|Any CPU.ActiveCfg = Debug|Any CPU
		{4000925C-0CE5-423F-8810-D4C42A787C7E}.Debug|Any CPU.Build.0 = Debug|Any CPU
		{4000925C-0CE5-423F-8810-D4C42A787C7E}.Release|Any CPU.ActiveCfg = Release|Any CPU
		{4000925C-0CE5-423F-8810-D4C42A787C7E}.Release|Any CPU.Build.0 = Release|Any CPU
		{4E59564C-EB79-40BB-854B-D932F649F1EE}.Debug|Any CPU.ActiveCfg = Debug|Any CPU
		{4E59564C-EB79-40BB-854B-D932F649F1EE}.Debug|Any CPU.Build.0 = Debug|Any CPU
		{4E59564C-EB79-40BB-854B-D932F649F1EE}.Release|Any CPU.ActiveCfg = Release|Any CPU
		{4E59564C-EB79-40BB-854B-D932F649F1EE}.Release|Any CPU.Build.0 = Release|Any CPU
		{9844E6B9-AB7E-494F-B47B-E0344BB9185F}.Debug|Any CPU.ActiveCfg = Debug|Any CPU
		{9844E6B9-AB7E-494F-B47B-E0344BB9185F}.Debug|Any CPU.Build.0 = Debug|Any CPU
		{9844E6B9-AB7E-494F-B47B-E0344BB9185F}.Release|Any CPU.ActiveCfg = Release|Any CPU
		{9844E6B9-AB7E-494F-B47B-E0344BB9185F}.Release|Any CPU.Build.0 = Release|Any CPU
		{16E62087-6A6E-498C-B498-EAAEE078C0AE}.Debug|Any CPU.ActiveCfg = Debug|Any CPU
		{16E62087-6A6E-498C-B498-EAAEE078C0AE}.Debug|Any CPU.Build.0 = Debug|Any CPU
		{16E62087-6A6E-498C-B498-EAAEE078C0AE}.Release|Any CPU.ActiveCfg = Release|Any CPU
		{16E62087-6A6E-498C-B498-EAAEE078C0AE}.Release|Any CPU.Build.0 = Release|Any CPU
	EndGlobalSection
	GlobalSection(SolutionProperties) = preSolution
		HideSolutionNode = FALSE
	EndGlobalSection
	GlobalSection(ExtensibilityGlobals) = postSolution
		SolutionGuid = {41BF77F8-31D9-486B-9252-4841B376FF21}
	EndGlobalSection
EndGlobal
